
Microsoft Visual Studio Solution File, Format Version 12.00
# Visual Studio 14
VisualStudioVersion = 14.0.24720.0
MinimumVisualStudioVersion = 10.0.40219.1
Project("{FAE04EC0-301F-11D3-BF4B-00C04F79EFBC}") = "IT 1050 Lab 5", "IT 1050 Lab 5\IT 1050 Lab 5.csproj", "{249149E5-320B-4765-BFE8-F1F4A52951BB}"
EndProject
Global
	GlobalSection(SolutionConfigurationPlatforms) = preSolution
		Debug|Any CPU = Debug|Any CPU
		Release|Any CPU = Release|Any CPU
	EndGlobalSection
	GlobalSection(ProjectConfigurationPlatforms) = postSolution
		{249149E5-320B-4765-BFE8-F1F4A52951BB}.Debug|Any CPU.ActiveCfg = Debug|Any CPU
		{249149E5-320B-4765-BFE8-F1F4A52951BB}.Debug|Any CPU.Build.0 = Debug|Any CPU
		{249149E5-320B-4765-BFE8-F1F4A52951BB}.Release|Any CPU.ActiveCfg = Release|Any CPU
		{249149E5-320B-4765-BFE8-F1F4A52951BB}.Release|Any CPU.Build.0 = Release|Any CPU
	EndGlobalSection
	GlobalSection(SolutionProperties) = preSolution
		HideSolutionNode = FALSE
	EndGlobalSection
EndGlobal
